
Microsoft Visual Studio Solution File, Format Version 12.00
# Visual Studio 15
VisualStudioVersion = 15.0.27130.2024
MinimumVisualStudioVersion = 10.0.40219.1
Project("{FAE04EC0-301F-11D3-BF4B-00C04F79EFBC}") = "MobyInspector", "MobyInspector\MobyInspector.csproj", "{87BE6EC5-D6DB-4B6D-93DE-3C2159E804CB}"
EndProject
Global
	GlobalSection(SolutionConfigurationPlatforms) = preSolution
		Debug|Any CPU = Debug|Any CPU
		Release|Any CPU = Release|Any CPU
	EndGlobalSection
	GlobalSection(ProjectConfigurationPlatforms) = postSolution
		{87BE6EC5-D6DB-4B6D-93DE-3C2159E804CB}.Debug|Any CPU.ActiveCfg = Debug|Any CPU
		{87BE6EC5-D6DB-4B6D-93DE-3C2159E804CB}.Debug|Any CPU.Build.0 = Debug|Any CPU
		{87BE6EC5-D6DB-4B6D-93DE-3C2159E804CB}.Release|Any CPU.ActiveCfg = Release|Any CPU
		{87BE6EC5-D6DB-4B6D-93DE-3C2159E804CB}.Release|Any CPU.Build.0 = Release|Any CPU
	EndGlobalSection
	GlobalSection(SolutionProperties) = preSolution
		HideSolutionNode = FALSE
	EndGlobalSection
	GlobalSection(ExtensibilityGlobals) = postSolution
		SolutionGuid = {72E6CB3D-FF9D-4AA6-A4B1-2A4C5C747074}
	EndGlobalSection
EndGlobal
